
Microsoft Visual Studio Solution File, Format Version 12.00
# Visual Studio Version 17
VisualStudioVersion = 17.4.33213.308
MinimumVisualStudioVersion = 10.0.40219.1
Project("{FAE04EC0-301F-11D3-BF4B-00C04F79EFBC}") = "AppBuscaCep.Android", "AppBuscaCep\AppBuscaCep.Android\AppBuscaCep.Android.csproj", "{4FF79A8A-A340-466E-928F-5EA54B722FD4}"
EndProject
Project("{FAE04EC0-301F-11D3-BF4B-00C04F79EFBC}") = "AppBuscaCep", "AppBuscaCep\AppBuscaCep\AppBuscaCep.csproj", "{9D935FFA-395D-4214-BFD3-38E3A0D070AC}"
EndProject
Global
	GlobalSection(SolutionConfigurationPlatforms) = preSolution
		Debug|Any CPU = Debug|Any CPU
		Release|Any CPU = Release|Any CPU
	EndGlobalSection
	GlobalSection(ProjectConfigurationPlatforms) = postSolution
		{4FF79A8A-A340-466E-928F-5EA54B722FD4}.Debug|Any CPU.ActiveCfg = Debug|Any CPU
		{4FF79A8A-A340-466E-928F-5EA54B722FD4}.Debug|Any CPU.Build.0 = Debug|Any CPU
		{4FF79A8A-A340-466E-928F-5EA54B722FD4}.Debug|Any CPU.Deploy.0 = Debug|Any CPU
		{4FF79A8A-A340-466E-928F-5EA54B722FD4}.Release|Any CPU.ActiveCfg = Release|Any CPU
		{4FF79A8A-A340-466E-928F-5EA54B722FD4}.Release|Any CPU.Build.0 = Release|Any CPU
		{4FF79A8A-A340-466E-928F-5EA54B722FD4}.Release|Any CPU.Deploy.0 = Release|Any CPU
		{9D935FFA-395D-4214-BFD3-38E3A0D070AC}.Debug|Any CPU.ActiveCfg = Debug|Any CPU
		{9D935FFA-395D-4214-BFD3-38E3A0D070AC}.Debug|Any CPU.Build.0 = Debug|Any CPU
		{9D935FFA-395D-4214-BFD3-38E3A0D070AC}.Debug|Any CPU.Deploy.0 = Debug|Any CPU
		{9D935FFA-395D-4214-BFD3-38E3A0D070AC}.Release|Any CPU.ActiveCfg = Release|Any CPU
		{9D935FFA-395D-4214-BFD3-38E3A0D070AC}.Release|Any CPU.Build.0 = Release|Any CPU
		{9D935FFA-395D-4214-BFD3-38E3A0D070AC}.Release|Any CPU.Deploy.0 = Release|Any CPU
	EndGlobalSection
	GlobalSection(SolutionProperties) = preSolution
		HideSolutionNode = FALSE
	EndGlobalSection
	GlobalSection(ExtensibilityGlobals) = postSolution
		SolutionGuid = {06E8F0AF-82F3-4C54-9F05-2EE657F4E9A3}
	EndGlobalSection
EndGlobal
